// !$*UTF8*$!
{
	archiveVersion = 1;
	classes = {
	};
	objectVersion = 50;
	objects = {

/* Begin PBXBuildFile section */
		4E01A790258A517B00119871 /* RegisterView.swift in Sources */ = {isa = PBXBuildFile; fileRef = 4E01A78F258A517B00119871 /* RegisterView.swift */; };
		4E01A793258A525400119871 /* RegisterViewModel.swift in Sources */ = {isa = PBXBuildFile; fileRef = 4E01A792258A525400119871 /* RegisterViewModel.swift */; };
		4E01A796258A53DF00119871 /* ImagePicker.swift in Sources */ = {isa = PBXBuildFile; fileRef = 4E01A795258A53DF00119871 /* ImagePicker.swift */; };
		4E195C2B258DC8970081BC26 /* HomeMainMessages.swift in Sources */ = {isa = PBXBuildFile; fileRef = 4E195C2A258DC8970081BC26 /* HomeMainMessages.swift */; };
		4E195C2E258DC8C60081BC26 /* Chats.swift in Sources */ = {isa = PBXBuildFile; fileRef = 4E195C2D258DC8C60081BC26 /* Chats.swift */; };
		4E195C31258DC9000081BC26 /* Groups.swift in Sources */ = {isa = PBXBuildFile; fileRef = 4E195C30258DC9000081BC26 /* Groups.swift */; };
		4E195C34258DC9190081BC26 /* TopView.swift in Sources */ = {isa = PBXBuildFile; fileRef = 4E195C33258DC9190081BC26 /* TopView.swift */; };
		4E195C37258DC9440081BC26 /* cellView.swift in Sources */ = {isa = PBXBuildFile; fileRef = 4E195C36258DC9440081BC26 /* cellView.swift */; };
		4E195C3A258DC9620081BC26 /* shape.swift in Sources */ = {isa = PBXBuildFile; fileRef = 4E195C39258DC9620081BC26 /* shape.swift */; };
		4E195C3E258DC9800081BC26 /* Msg.swift in Sources */ = {isa = PBXBuildFile; fileRef = 4E195C3D258DC9800081BC26 /* Msg.swift */; };
		4E195C41258DCA0D0081BC26 /* Centerview.swift in Sources */ = {isa = PBXBuildFile; fileRef = 4E195C40258DCA0D0081BC26 /* Centerview.swift */; };
		4E195C4B258DD0460081BC26 /* UserViewModel.swift in Sources */ = {isa = PBXBuildFile; fileRef = 4E195C4A258DD0460081BC26 /* UserViewModel.swift */; };
		4E195C6B258DD84C0081BC26 /* MainMessagesView.swift in Sources */ = {isa = PBXBuildFile; fileRef = 4E195C6A258DD84C0081BC26 /* MainMessagesView.swift */; };
		4E195C70258DD8ED0081BC26 /* CustomNavigationView.swift in Sources */ = {isa = PBXBuildFile; fileRef = 4E195C6F258DD8ED0081BC26 /* CustomNavigationView.swift */; };
		4E195C75258DDA290081BC26 /* SecondChats.swift in Sources */ = {isa = PBXBuildFile; fileRef = 4E195C74258DDA290081BC26 /* SecondChats.swift */; };
		4E47C5B6258DB910001A39FC /* BasicInfoView.swift in Sources */ = {isa = PBXBuildFile; fileRef = 4E47C5B5258DB910001A39FC /* BasicInfoView.swift */; };
		4E47C5BA258DB98A001A39FC /* SecondRegisterViewModel.swift in Sources */ = {isa = PBXBuildFile; fileRef = 4E47C5B9258DB98A001A39FC /* SecondRegisterViewModel.swift */; };
		4E5404B1258A3CD500974862 /* ChattosApp.swift in Sources */ = {isa = PBXBuildFile; fileRef = 4E5404B0258A3CD500974862 /* ChattosApp.swift */; };
		4E5404B3258A3CD500974862 /* ContentView.swift in Sources */ = {isa = PBXBuildFile; fileRef = 4E5404B2258A3CD500974862 /* ContentView.swift */; };
		4E5404B5258A3CD600974862 /* Assets.xcassets in Resources */ = {isa = PBXBuildFile; fileRef = 4E5404B4258A3CD600974862 /* Assets.xcassets */; };
		4E5404B8258A3CD600974862 /* Preview Assets.xcassets in Resources */ = {isa = PBXBuildFile; fileRef = 4E5404B7258A3CD600974862 /* Preview Assets.xcassets */; };
		4E70E705258B5F95008BBF88 /* extension_view.swift in Sources */ = {isa = PBXBuildFile; fileRef = 4E70E704258B5F95008BBF88 /* extension_view.swift */; };
		4EB8AEDC258B266A006B004A /* UploadImage.swift in Sources */ = {isa = PBXBuildFile; fileRef = 4EB8AEDB258B266A006B004A /* UploadImage.swift */; };
		4EB8AEE1258B27B6006B004A /* SettingsView.swift in Sources */ = {isa = PBXBuildFile; fileRef = 4EB8AEDE258B27B6006B004A /* SettingsView.swift */; };
		4EB8AEE2258B27B6006B004A /* Home.swift in Sources */ = {isa = PBXBuildFile; fileRef = 4EB8AEDF258B27B6006B004A /* Home.swift */; };
		4EB8AEE3258B27B6006B004A /* PostView.swift in Sources */ = {isa = PBXBuildFile; fileRef = 4EB8AEE0258B27B6006B004A /* PostView.swift */; };
		4EB8AEE7258B283B006B004A /* PostViewModel.swift in Sources */ = {isa = PBXBuildFile; fileRef = 4EB8AEE6258B283B006B004A /* PostViewModel.swift */; };
		4EB8AEEA258B285C006B004A /* PostModel.swift in Sources */ = {isa = PBXBuildFile; fileRef = 4EB8AEE9258B285C006B004A /* PostModel.swift */; };
		4EB8AEED258B286C006B004A /* UserModel.swift in Sources */ = {isa = PBXBuildFile; fileRef = 4EB8AEEC258B286C006B004A /* UserModel.swift */; };
		4EB8AEF0258B2881006B004A /* SettingsViewModel.swift in Sources */ = {isa = PBXBuildFile; fileRef = 4EB8AEEF258B2881006B004A /* SettingsViewModel.swift */; };
		4EB8AEF3258B28A4006B004A /* CustomTabbar.swift in Sources */ = {isa = PBXBuildFile; fileRef = 4EB8AEF2258B28A4006B004A /* CustomTabbar.swift */; };
		4EB8AEF6258B2C13006B004A /* AlertView.swift in Sources */ = {isa = PBXBuildFile; fileRef = 4EB8AEF5258B2C13006B004A /* AlertView.swift */; };
		4EB8AEFA258B2C47006B004A /* FetchUser.swift in Sources */ = {isa = PBXBuildFile; fileRef = 4EB8AEF9258B2C47006B004A /* FetchUser.swift */; };
		4EB8AEFE258B3117006B004A /* PostRow.swift in Sources */ = {isa = PBXBuildFile; fileRef = 4EB8AEFD258B3117006B004A /* PostRow.swift */; };
		4EB8AF03258B31BA006B004A /* NewPost.swift in Sources */ = {isa = PBXBuildFile; fileRef = 4EB8AF02258B31BA006B004A /* NewPost.swift */; };
		4EB8AF06258B31DA006B004A /* NewPostModel.swift in Sources */ = {isa = PBXBuildFile; fileRef = 4EB8AF05258B31DA006B004A /* NewPostModel.swift */; };
		4EB8AF10258B34AA006B004A /* TextArea.swift in Sources */ = {isa = PBXBuildFile; fileRef = 4EB8AF0F258B34AA006B004A /* TextArea.swift */; };
		4EB8AF57258B474D006B004A /* LoginView.swift in Sources */ = {isa = PBXBuildFile; fileRef = 4EB8AF56258B474D006B004A /* LoginView.swift */; };
		4EB8AF5C258B477C006B004A /* ModelData.swift in Sources */ = {isa = PBXBuildFile; fileRef = 4EB8AF5B258B477C006B004A /* ModelData.swift */; };
		4EB8AF60258B47DD006B004A /* SignUpView.swift in Sources */ = {isa = PBXBuildFile; fileRef = 4EB8AF5F258B47DD006B004A /* SignUpView.swift */; };
		4EB8AF64258B47FA006B004A /* LoadingView.swift in Sources */ = {isa = PBXBuildFile; fileRef = 4EB8AF63258B47FA006B004A /* LoadingView.swift */; };
		4EB8AF68258B4823006B004A /* CustomTextField.swift in Sources */ = {isa = PBXBuildFile; fileRef = 4EB8AF67258B4823006B004A /* CustomTextField.swift */; };
		4EB8AF6D258B4989006B004A /* Login.swift in Sources */ = {isa = PBXBuildFile; fileRef = 4EB8AF6C258B4989006B004A /* Login.swift */; };
		4EB8AF92258B4F46006B004A /* Extensions.swift in Sources */ = {isa = PBXBuildFile; fileRef = 4EB8AF91258B4F46006B004A /* Extensions.swift */; };
		4ECF73FF258DEDDE0091FF53 /* SearchBar.swift in Sources */ = {isa = PBXBuildFile; fileRef = 4ECF73FE258DEDDE0091FF53 /* SearchBar.swift */; };
		4ECF7405258DF2BB0091FF53 /* SecondcellView.swift in Sources */ = {isa = PBXBuildFile; fileRef = 4ECF7404258DF2BB0091FF53 /* SecondcellView.swift */; };
		4EE9F05F258DFF1700B5A13D /* ChatRow.swift in Sources */ = {isa = PBXBuildFile; fileRef = 4EE9F05D258DFF1700B5A13D /* ChatRow.swift */; };
		4EE9F060258DFF1700B5A13D /* ChatBubble.swift in Sources */ = {isa = PBXBuildFile; fileRef = 4EE9F05E258DFF1700B5A13D /* ChatBubble.swift */; };
		4EE9F066258DFF4D00B5A13D /* MsgModel.swift in Sources */ = {isa = PBXBuildFile; fileRef = 4EE9F064258DFF4D00B5A13D /* MsgModel.swift */; };
		4EE9F067258DFF4D00B5A13D /* HomeModel.swift in Sources */ = {isa = PBXBuildFile; fileRef = 4EE9F065258DFF4D00B5A13D /* HomeModel.swift */; };
		4EE9F06A258DFFDF00B5A13D /* HomeChat.swift in Sources */ = {isa = PBXBuildFile; fileRef = 4EE9F069258DFFDF00B5A13D /* HomeChat.swift */; };
/* End PBXBuildFile section */

/* Begin PBXFileReference section */
		4E01A78F258A517B00119871 /* RegisterView.swift */ = {isa = PBXFileReference; lastKnownFileType = sourcecode.swift; path = RegisterView.swift; sourceTree = "<group>"; };
		4E01A792258A525400119871 /* RegisterViewModel.swift */ = {isa = PBXFileReference; lastKnownFileType = sourcecode.swift; path = RegisterViewModel.swift; sourceTree = "<group>"; };
		4E01A795258A53DF00119871 /* ImagePicker.swift */ = {isa = PBXFileReference; fileEncoding = 4; lastKnownFileType = sourcecode.swift; path = ImagePicker.swift; sourceTree = "<group>"; };
		4E195C2A258DC8970081BC26 /* HomeMainMessages.swift */ = {isa = PBXFileReference; lastKnownFileType = sourcecode.swift; path = HomeMainMessages.swift; sourceTree = "<group>"; };
		4E195C2D258DC8C60081BC26 /* Chats.swift */ = {isa = PBXFileReference; lastKnownFileType = sourcecode.swift; path = Chats.swift; sourceTree = "<group>"; };
		4E195C30258DC9000081BC26 /* Groups.swift */ = {isa = PBXFileReference; lastKnownFileType = sourcecode.swift; path = Groups.swift; sourceTree = "<group>"; };
		4E195C33258DC9190081BC26 /* TopView.swift */ = {isa = PBXFileReference; lastKnownFileType = sourcecode.swift; path = TopView.swift; sourceTree = "<group>"; };
		4E195C36258DC9440081BC26 /* cellView.swift */ = {isa = PBXFileReference; lastKnownFileType = sourcecode.swift; path = cellView.swift; sourceTree = "<group>"; };
		4E195C39258DC9620081BC26 /* shape.swift */ = {isa = PBXFileReference; lastKnownFileType = sourcecode.swift; path = shape.swift; sourceTree = "<group>"; };
		4E195C3D258DC9800081BC26 /* Msg.swift */ = {isa = PBXFileReference; lastKnownFileType = sourcecode.swift; path = Msg.swift; sourceTree = "<group>"; };
		4E195C40258DCA0D0081BC26 /* Centerview.swift */ = {isa = PBXFileReference; lastKnownFileType = sourcecode.swift; path = Centerview.swift; sourceTree = "<group>"; };
		4E195C4A258DD0460081BC26 /* UserViewModel.swift */ = {isa = PBXFileReference; lastKnownFileType = sourcecode.swift; path = UserViewModel.swift; sourceTree = "<group>"; };
		4E195C6A258DD84C0081BC26 /* MainMessagesView.swift */ = {isa = PBXFileReference; lastKnownFileType = sourcecode.swift; path = MainMessagesView.swift; sourceTree = "<group>"; };
		4E195C6F258DD8ED0081BC26 /* CustomNavigationView.swift */ = {isa = PBXFileReference; lastKnownFileType = sourcecode.swift; path = CustomNavigationView.swift; sourceTree = "<group>"; };
		4E195C74258DDA290081BC26 /* SecondChats.swift */ = {isa = PBXFileReference; lastKnownFileType = sourcecode.swift; path = SecondChats.swift; sourceTree = "<group>"; };
		4E47C5B5258DB910001A39FC /* BasicInfoView.swift */ = {isa = PBXFileReference; lastKnownFileType = sourcecode.swift; path = BasicInfoView.swift; sourceTree = "<group>"; };
		4E47C5B9258DB98A001A39FC /* SecondRegisterViewModel.swift */ = {isa = PBXFileReference; lastKnownFileType = sourcecode.swift; path = SecondRegisterViewModel.swift; sourceTree = "<group>"; };
		4E5404AD258A3CD500974862 /* Chattos.app */ = {isa = PBXFileReference; explicitFileType = wrapper.application; includeInIndex = 0; path = Chattos.app; sourceTree = BUILT_PRODUCTS_DIR; };
		4E5404B0258A3CD500974862 /* ChattosApp.swift */ = {isa = PBXFileReference; lastKnownFileType = sourcecode.swift; path = ChattosApp.swift; sourceTree = "<group>"; };
		4E5404B2258A3CD500974862 /* ContentView.swift */ = {isa = PBXFileReference; lastKnownFileType = sourcecode.swift; path = ContentView.swift; sourceTree = "<group>"; };
		4E5404B4258A3CD600974862 /* Assets.xcassets */ = {isa = PBXFileReference; lastKnownFileType = folder.assetcatalog; path = Assets.xcassets; sourceTree = "<group>"; };
		4E5404B7258A3CD600974862 /* Preview Assets.xcassets */ = {isa = PBXFileReference; lastKnownFileType = folder.assetcatalog; path = "Preview Assets.xcassets"; sourceTree = "<group>"; };
		4E5404B9258A3CD600974862 /* Info.plist */ = {isa = PBXFileReference; lastKnownFileType = text.plist.xml; path = Info.plist; sourceTree = "<group>"; };
		4E70E704258B5F95008BBF88 /* extension_view.swift */ = {isa = PBXFileReference; lastKnownFileType = sourcecode.swift; path = extension_view.swift; sourceTree = "<group>"; };
		4EB8AEDB258B266A006B004A /* UploadImage.swift */ = {isa = PBXFileReference; fileEncoding = 4; lastKnownFileType = sourcecode.swift; path = UploadImage.swift; sourceTree = "<group>"; };
		4EB8AEDE258B27B6006B004A /* SettingsView.swift */ = {isa = PBXFileReference; fileEncoding = 4; lastKnownFileType = sourcecode.swift; path = SettingsView.swift; sourceTree = "<group>"; };
		4EB8AEDF258B27B6006B004A /* Home.swift */ = {isa = PBXFileReference; fileEncoding = 4; lastKnownFileType = sourcecode.swift; path = Home.swift; sourceTree = "<group>"; };
		4EB8AEE0258B27B6006B004A /* PostView.swift */ = {isa = PBXFileReference; fileEncoding = 4; lastKnownFileType = sourcecode.swift; path = PostView.swift; sourceTree = "<group>"; };
		4EB8AEE6258B283B006B004A /* PostViewModel.swift */ = {isa = PBXFileReference; fileEncoding = 4; lastKnownFileType = sourcecode.swift; path = PostViewModel.swift; sourceTree = "<group>"; };
		4EB8AEE9258B285C006B004A /* PostModel.swift */ = {isa = PBXFileReference; fileEncoding = 4; lastKnownFileType = sourcecode.swift; path = PostModel.swift; sourceTree = "<group>"; };
		4EB8AEEC258B286C006B004A /* UserModel.swift */ = {isa = PBXFileReference; fileEncoding = 4; lastKnownFileType = sourcecode.swift; path = UserModel.swift; sourceTree = "<group>"; };
		4EB8AEEF258B2881006B004A /* SettingsViewModel.swift */ = {isa = PBXFileReference; fileEncoding = 4; lastKnownFileType = sourcecode.swift; path = SettingsViewModel.swift; sourceTree = "<group>"; };
		4EB8AEF2258B28A4006B004A /* CustomTabbar.swift */ = {isa = PBXFileReference; fileEncoding = 4; lastKnownFileType = sourcecode.swift; path = CustomTabbar.swift; sourceTree = "<group>"; };
		4EB8AEF5258B2C13006B004A /* AlertView.swift */ = {isa = PBXFileReference; fileEncoding = 4; lastKnownFileType = sourcecode.swift; path = AlertView.swift; sourceTree = "<group>"; };
		4EB8AEF9258B2C47006B004A /* FetchUser.swift */ = {isa = PBXFileReference; fileEncoding = 4; lastKnownFileType = sourcecode.swift; path = FetchUser.swift; sourceTree = "<group>"; };
		4EB8AEFD258B3117006B004A /* PostRow.swift */ = {isa = PBXFileReference; fileEncoding = 4; lastKnownFileType = sourcecode.swift; path = PostRow.swift; sourceTree = "<group>"; };
		4EB8AF02258B31BA006B004A /* NewPost.swift */ = {isa = PBXFileReference; fileEncoding = 4; lastKnownFileType = sourcecode.swift; path = NewPost.swift; sourceTree = "<group>"; };
		4EB8AF05258B31DA006B004A /* NewPostModel.swift */ = {isa = PBXFileReference; fileEncoding = 4; lastKnownFileType = sourcecode.swift; path = NewPostModel.swift; sourceTree = "<group>"; };
		4EB8AF0F258B34AA006B004A /* TextArea.swift */ = {isa = PBXFileReference; fileEncoding = 4; lastKnownFileType = sourcecode.swift; path = TextArea.swift; sourceTree = "<group>"; };
		4EB8AF56258B474D006B004A /* LoginView.swift */ = {isa = PBXFileReference; lastKnownFileType = sourcecode.swift; path = LoginView.swift; sourceTree = "<group>"; };
		4EB8AF5B258B477C006B004A /* ModelData.swift */ = {isa = PBXFileReference; lastKnownFileType = sourcecode.swift; path = ModelData.swift; sourceTree = "<group>"; };
		4EB8AF5F258B47DD006B004A /* SignUpView.swift */ = {isa = PBXFileReference; lastKnownFileType = sourcecode.swift; path = SignUpView.swift; sourceTree = "<group>"; };
		4EB8AF63258B47FA006B004A /* LoadingView.swift */ = {isa = PBXFileReference; lastKnownFileType = sourcecode.swift; path = LoadingView.swift; sourceTree = "<group>"; };
		4EB8AF67258B4823006B004A /* CustomTextField.swift */ = {isa = PBXFileReference; lastKnownFileType = sourcecode.swift; path = CustomTextField.swift; sourceTree = "<group>"; };
		4EB8AF6C258B4989006B004A /* Login.swift */ = {isa = PBXFileReference; lastKnownFileType = sourcecode.swift; path = Login.swift; sourceTree = "<group>"; };
		4EB8AF91258B4F46006B004A /* Extensions.swift */ = {isa = PBXFileReference; lastKnownFileType = sourcecode.swift; path = Extensions.swift; sourceTree = "<group>"; };
		4ECF73FE258DEDDE0091FF53 /* SearchBar.swift */ = {isa = PBXFileReference; lastKnownFileType = sourcecode.swift; path = SearchBar.swift; sourceTree = "<group>"; };
		4ECF7404258DF2BB0091FF53 /* SecondcellView.swift */ = {isa = PBXFileReference; lastKnownFileType = sourcecode.swift; path = SecondcellView.swift; sourceTree = "<group>"; };
		4EE9F05D258DFF1700B5A13D /* ChatRow.swift */ = {isa = PBXFileReference; fileEncoding = 4; lastKnownFileType = sourcecode.swift; path = ChatRow.swift; sourceTree = "<group>"; };
		4EE9F05E258DFF1700B5A13D /* ChatBubble.swift */ = {isa = PBXFileReference; fileEncoding = 4; lastKnownFileType = sourcecode.swift; path = ChatBubble.swift; sourceTree = "<group>"; };
		4EE9F064258DFF4D00B5A13D /* MsgModel.swift */ = {isa = PBXFileReference; fileEncoding = 4; lastKnownFileType = sourcecode.swift; path = MsgModel.swift; sourceTree = "<group>"; };
		4EE9F065258DFF4D00B5A13D /* HomeModel.swift */ = {isa = PBXFileReference; fileEncoding = 4; lastKnownFileType = sourcecode.swift; path = HomeModel.swift; sourceTree = "<group>"; };
		4EE9F069258DFFDF00B5A13D /* HomeChat.swift */ = {isa = PBXFileReference; lastKnownFileType = sourcecode.swift; path = HomeChat.swift; sourceTree = "<group>"; };
/* End PBXFileReference section */

/* Begin PBXFrameworksBuildPhase section */
		4E5404AA258A3CD500974862 /* Frameworks */ = {
			isa = PBXFrameworksBuildPhase;
			buildActionMask = 2147483647;
			files = (
			);
			runOnlyForDeploymentPostprocessing = 0;
		};
/* End PBXFrameworksBuildPhase section */

/* Begin PBXGroup section */
		4E195C29258DC87A0081BC26 /* main messages */ = {
			isa = PBXGroup;
			children = (
				4EE9F045258DFE9300B5A13D /* chat messages */,
				4EE9F042258DFE5D00B5A13D /* may be used */,
				4E195C72258DDA030081BC26 /* two */,
				4E195C40258DCA0D0081BC26 /* Centerview.swift */,
				4ECF7402258DF2A60091FF53 /* cells */,
				4E195C6D258DD8E20081BC26 /* search nav */,
			);
			path = "main messages";
			sourceTree = "<group>";
		};
		4E195C3C258DC9770081BC26 /* main messages */ = {
			isa = PBXGroup;
			children = (
				4EE9F062258DFF3600B5A13D /* chat messages */,
				4E195C3D258DC9800081BC26 /* Msg.swift */,
			);
			path = "main messages";
			sourceTree = "<group>";
		};
		4E195C49258DD0290081BC26 /* messages */ = {
			isa = PBXGroup;
			children = (
				4E195C4A258DD0460081BC26 /* UserViewModel.swift */,
			);
			path = messages;
			sourceTree = "<group>";
		};
		4E195C6D258DD8E20081BC26 /* search nav */ = {
			isa = PBXGroup;
			children = (
				4E195C6F258DD8ED0081BC26 /* CustomNavigationView.swift */,
			);
			path = "search nav";
			sourceTree = "<group>";
		};
		4E195C72258DDA030081BC26 /* two */ = {
			isa = PBXGroup;
			children = (
				4E195C74258DDA290081BC26 /* SecondChats.swift */,
			);
			path = two;
			sourceTree = "<group>";
		};
		4E47C5B8258DB96C001A39FC /* two */ = {
			isa = PBXGroup;
			children = (
				4E01A792258A525400119871 /* RegisterViewModel.swift */,
				4E47C5B9258DB98A001A39FC /* SecondRegisterViewModel.swift */,
			);
			path = two;
			sourceTree = "<group>";
		};
		4E5404A4258A3CD500974862 = {
			isa = PBXGroup;
			children = (
				4E5404AF258A3CD500974862 /* Chattos */,
				4E5404AE258A3CD500974862 /* Products */,
			);
			sourceTree = "<group>";
		};
		4E5404AE258A3CD500974862 /* Products */ = {
			isa = PBXGroup;
			children = (
				4E5404AD258A3CD500974862 /* Chattos.app */,
			);
			name = Products;
			sourceTree = "<group>";
		};
		4E5404AF258A3CD500974862 /* Chattos */ = {
			isa = PBXGroup;
			children = (
				4E5404B0258A3CD500974862 /* ChattosApp.swift */,
				4EB8AF90258B4F3B006B004A /* helpers */,
				4E5404C5258A3CF900974862 /* viewmodel */,
				4E5404C4258A3CF400974862 /* model */,
				4E5404C3258A3CEE00974862 /* view */,
				4E5404C0258A3CE200974862 /* scenes */,
				4E5404B4258A3CD600974862 /* Assets.xcassets */,
				4E5404B9258A3CD600974862 /* Info.plist */,
				4E5404B6258A3CD600974862 /* Preview Content */,
			);
			path = Chattos;
			sourceTree = "<group>";
		};
		4E5404B6258A3CD600974862 /* Preview Content */ = {
			isa = PBXGroup;
			children = (
				4E5404B7258A3CD600974862 /* Preview Assets.xcassets */,
			);
			path = "Preview Content";
			sourceTree = "<group>";
		};
		4E5404C0258A3CE200974862 /* scenes */ = {
			isa = PBXGroup;
			children = (
				4E5404B2258A3CD500974862 /* ContentView.swift */,
			);
			path = scenes;
			sourceTree = "<group>";
		};
		4E5404C3258A3CEE00974862 /* view */ = {
			isa = PBXGroup;
			children = (
				4EB8AEDF258B27B6006B004A /* Home.swift */,
				4E195C29258DC87A0081BC26 /* main messages */,
				4EB8AF66258B4817006B004A /* Custom */,
				4EB8AF5E258B47D2006B004A /* registration */,
				4E01A795258A53DF00119871 /* ImagePicker.swift */,
				4EB8AF00258B311C006B004A /* posts */,
				4EB8AEDE258B27B6006B004A /* SettingsView.swift */,
				4EB8AEF2258B28A4006B004A /* CustomTabbar.swift */,
				4EB8AF63258B47FA006B004A /* LoadingView.swift */,
			);
			path = view;
			sourceTree = "<group>";
		};
		4E5404C4258A3CF400974862 /* model */ = {
			isa = PBXGroup;
			children = (
				4E195C3C258DC9770081BC26 /* main messages */,
				4EB8AF54258B46AC006B004A /* user */,
				4EB8AEE9258B285C006B004A /* PostModel.swift */,
				4EB8AEDB258B266A006B004A /* UploadImage.swift */,
				4EB8AEF5258B2C13006B004A /* AlertView.swift */,
			);
			path = model;
			sourceTree = "<group>";
		};
		4E5404C5258A3CF900974862 /* viewmodel */ = {
			isa = PBXGroup;
			children = (
				4E195C49258DD0290081BC26 /* messages */,
				4EB8AF59258B4771006B004A /* registration */,
				4EB8AEEF258B2881006B004A /* SettingsViewModel.swift */,
				4EB8AF08258B31E2006B004A /* posts */,
			);
			path = viewmodel;
			sourceTree = "<group>";
		};
		4EB8AF00258B311C006B004A /* posts */ = {
			isa = PBXGroup;
			children = (
				4EB8AEE0258B27B6006B004A /* PostView.swift */,
				4EB8AEFD258B3117006B004A /* PostRow.swift */,
				4EB8AF02258B31BA006B004A /* NewPost.swift */,
				4EB8AF0F258B34AA006B004A /* TextArea.swift */,
			);
			path = posts;
			sourceTree = "<group>";
		};
		4EB8AF08258B31E2006B004A /* posts */ = {
			isa = PBXGroup;
			children = (
				4EB8AEE6258B283B006B004A /* PostViewModel.swift */,
				4EB8AF05258B31DA006B004A /* NewPostModel.swift */,
			);
			path = posts;
			sourceTree = "<group>";
		};
		4EB8AF54258B46AC006B004A /* user */ = {
			isa = PBXGroup;
			children = (
				4EB8AEEC258B286C006B004A /* UserModel.swift */,
				4EB8AEF9258B2C47006B004A /* FetchUser.swift */,
			);
			path = user;
			sourceTree = "<group>";
		};
		4EB8AF59258B4771006B004A /* registration */ = {
			isa = PBXGroup;
			children = (
				4E47C5B8258DB96C001A39FC /* two */,
				4EB8AF5B258B477C006B004A /* ModelData.swift */,
			);
			path = registration;
			sourceTree = "<group>";
		};
		4EB8AF5E258B47D2006B004A /* registration */ = {
			isa = PBXGroup;
			children = (
				4E01A78F258A517B00119871 /* RegisterView.swift */,
				4EB8AF6B258B4978006B004A /* Login */,
			);
			path = registration;
			sourceTree = "<group>";
		};
		4EB8AF66258B4817006B004A /* Custom */ = {
			isa = PBXGroup;
			children = (
				4EB8AF67258B4823006B004A /* CustomTextField.swift */,
				4E195C39258DC9620081BC26 /* shape.swift */,
			);
			path = Custom;
			sourceTree = "<group>";
		};
		4EB8AF6B258B4978006B004A /* Login */ = {
			isa = PBXGroup;
			children = (
				4EB8AF6C258B4989006B004A /* Login.swift */,
				4EB8AF56258B474D006B004A /* LoginView.swift */,
				4EB8AF5F258B47DD006B004A /* SignUpView.swift */,
				4E47C5B5258DB910001A39FC /* BasicInfoView.swift */,
			);
			path = Login;
			sourceTree = "<group>";
		};
		4EB8AF90258B4F3B006B004A /* helpers */ = {
			isa = PBXGroup;
			children = (
				4EB8AF91258B4F46006B004A /* Extensions.swift */,
				4E70E704258B5F95008BBF88 /* extension_view.swift */,
			);
			path = helpers;
			sourceTree = "<group>";
		};
		4ECF73FC258DEDD50091FF53 /* top */ = {
			isa = PBXGroup;
			children = (
				4E195C33258DC9190081BC26 /* TopView.swift */,
				4ECF73FE258DEDDE0091FF53 /* SearchBar.swift */,
			);
			path = top;
			sourceTree = "<group>";
		};
		4ECF7402258DF2A60091FF53 /* cells */ = {
			isa = PBXGroup;
			children = (
				4E195C36258DC9440081BC26 /* cellView.swift */,
			);
			path = cells;
			sourceTree = "<group>";
		};
		4EE9F042258DFE5D00B5A13D /* may be used */ = {
			isa = PBXGroup;
			children = (
				4E195C2A258DC8970081BC26 /* HomeMainMessages.swift */,
				4E195C2D258DC8C60081BC26 /* Chats.swift */,
				4E195C30258DC9000081BC26 /* Groups.swift */,
				4ECF7404258DF2BB0091FF53 /* SecondcellView.swift */,
				4E195C6A258DD84C0081BC26 /* MainMessagesView.swift */,
				4ECF73FC258DEDD50091FF53 /* top */,
			);
			path = "may be used";
			sourceTree = "<group>";
		};
		4EE9F045258DFE9300B5A13D /* chat messages */ = {
			isa = PBXGroup;
			children = (
				4EE9F05C258DFF0600B5A13D /* global chat */,
			);
			path = "chat messages";
			sourceTree = "<group>";
		};
		4EE9F05C258DFF0600B5A13D /* global chat */ = {
			isa = PBXGroup;
			children = (
				4EE9F069258DFFDF00B5A13D /* HomeChat.swift */,
				4EE9F05E258DFF1700B5A13D /* ChatBubble.swift */,
				4EE9F05D258DFF1700B5A13D /* ChatRow.swift */,
			);
			path = "global chat";
			sourceTree = "<group>";
		};
		4EE9F062258DFF3600B5A13D /* chat messages */ = {
			isa = PBXGroup;
			children = (
				4EE9F063258DFF4100B5A13D /* global message */,
			);
			path = "chat messages";
			sourceTree = "<group>";
		};
		4EE9F063258DFF4100B5A13D /* global message */ = {
			isa = PBXGroup;
			children = (
				4EE9F065258DFF4D00B5A13D /* HomeModel.swift */,
				4EE9F064258DFF4D00B5A13D /* MsgModel.swift */,
			);
			path = "global message";
			sourceTree = "<group>";
		};
/* End PBXGroup section */

/* Begin PBXNativeTarget section */
		4E5404AC258A3CD500974862 /* Chattos */ = {
			isa = PBXNativeTarget;
			buildConfigurationList = 4E5404BC258A3CD600974862 /* Build configuration list for PBXNativeTarget "Chattos" */;
			buildPhases = (
				4E5404A9258A3CD500974862 /* Sources */,
				4E5404AA258A3CD500974862 /* Frameworks */,
				4E5404AB258A3CD500974862 /* Resources */,
			);
			buildRules = (
			);
			dependencies = (
			);
			name = Chattos;
			productName = Chattos;
			productReference = 4E5404AD258A3CD500974862 /* Chattos.app */;
			productType = "com.apple.product-type.application";
		};
/* End PBXNativeTarget section */

/* Begin PBXProject section */
		4E5404A5258A3CD500974862 /* Project object */ = {
			isa = PBXProject;
			attributes = {
				LastSwiftUpdateCheck = 1220;
				LastUpgradeCheck = 1220;
				TargetAttributes = {
					4E5404AC258A3CD500974862 = {
						CreatedOnToolsVersion = 12.2;
					};
				};
			};
			buildConfigurationList = 4E5404A8258A3CD500974862 /* Build configuration list for PBXProject "Chattos" */;
			compatibilityVersion = "Xcode 9.3";
			developmentRegion = en;
			hasScannedForEncodings = 0;
			knownRegions = (
				en,
				Base,
			);
			mainGroup = 4E5404A4258A3CD500974862;
			productRefGroup = 4E5404AE258A3CD500974862 /* Products */;
			projectDirPath = "";
			projectRoot = "";
			targets = (
				4E5404AC258A3CD500974862 /* Chattos */,
			);
		};
/* End PBXProject section */

/* Begin PBXResourcesBuildPhase section */
		4E5404AB258A3CD500974862 /* Resources */ = {
			isa = PBXResourcesBuildPhase;
			buildActionMask = 2147483647;
			files = (
				4E5404B8258A3CD600974862 /* Preview Assets.xcassets in Resources */,
				4E5404B5258A3CD600974862 /* Assets.xcassets in Resources */,
			);
			runOnlyForDeploymentPostprocessing = 0;
		};
/* End PBXResourcesBuildPhase section */

/* Begin PBXSourcesBuildPhase section */
		4E5404A9258A3CD500974862 /* Sources */ = {
			isa = PBXSourcesBuildPhase;
			buildActionMask = 2147483647;
			files = (
				4EB8AEE7258B283B006B004A /* PostViewModel.swift in Sources */,
				4E47C5BA258DB98A001A39FC /* SecondRegisterViewModel.swift in Sources */,
				4E195C31258DC9000081BC26 /* Groups.swift in Sources */,
				4EB8AF92258B4F46006B004A /* Extensions.swift in Sources */,
				4E70E705258B5F95008BBF88 /* extension_view.swift in Sources */,
				4EB8AEDC258B266A006B004A /* UploadImage.swift in Sources */,
				4EB8AEF3258B28A4006B004A /* CustomTabbar.swift in Sources */,
				4E47C5B6258DB910001A39FC /* BasicInfoView.swift in Sources */,
				4EB8AEFA258B2C47006B004A /* FetchUser.swift in Sources */,
				4EE9F060258DFF1700B5A13D /* ChatBubble.swift in Sources */,
				4E195C6B258DD84C0081BC26 /* MainMessagesView.swift in Sources */,
				4ECF7405258DF2BB0091FF53 /* SecondcellView.swift in Sources */,
				4EB8AEE1258B27B6006B004A /* SettingsView.swift in Sources */,
				4EB8AF64258B47FA006B004A /* LoadingView.swift in Sources */,
				4EE9F05F258DFF1700B5A13D /* ChatRow.swift in Sources */,
				4E195C3A258DC9620081BC26 /* shape.swift in Sources */,
				4E195C75258DDA290081BC26 /* SecondChats.swift in Sources */,
				4EB8AF60258B47DD006B004A /* SignUpView.swift in Sources */,
				4E5404B3258A3CD500974862 /* ContentView.swift in Sources */,
				4EB8AEF6258B2C13006B004A /* AlertView.swift in Sources */,
				4EE9F067258DFF4D00B5A13D /* HomeModel.swift in Sources */,
				4EE9F06A258DFFDF00B5A13D /* HomeChat.swift in Sources */,
				4E195C2B258DC8970081BC26 /* HomeMainMessages.swift in Sources */,
				4EB8AF68258B4823006B004A /* CustomTextField.swift in Sources */,
				4EB8AF5C258B477C006B004A /* ModelData.swift in Sources */,
				4EB8AF10258B34AA006B004A /* TextArea.swift in Sources */,
				4E01A793258A525400119871 /* RegisterViewModel.swift in Sources */,
				4EB8AEE2258B27B6006B004A /* Home.swift in Sources */,
				4E01A790258A517B00119871 /* RegisterView.swift in Sources */,
				4E195C4B258DD0460081BC26 /* UserViewModel.swift in Sources */,
				4E195C37258DC9440081BC26 /* cellView.swift in Sources */,
				4EB8AF6D258B4989006B004A /* Login.swift in Sources */,
				4E01A796258A53DF00119871 /* ImagePicker.swift in Sources */,
				4EB8AEF0258B2881006B004A /* SettingsViewModel.swift in Sources */,
				4E195C34258DC9190081BC26 /* TopView.swift in Sources */,
				4EB8AF06258B31DA006B004A /* NewPostModel.swift in Sources */,
				4EB8AEE3258B27B6006B004A /* PostView.swift in Sources */,
				4E195C2E258DC8C60081BC26 /* Chats.swift in Sources */,
				4EB8AF57258B474D006B004A /* LoginView.swift in Sources */,
				4E5404B1258A3CD500974862 /* ChattosApp.swift in Sources */,
				4E195C70258DD8ED0081BC26 /* CustomNavigationView.swift in Sources */,
				4E195C3E258DC9800081BC26 /* Msg.swift in Sources */,
				4EB8AEFE258B3117006B004A /* PostRow.swift in Sources */,
				4EE9F066258DFF4D00B5A13D /* MsgModel.swift in Sources */,
				4EB8AEED258B286C006B004A /* UserModel.swift in Sources */,
				4ECF73FF258DEDDE0091FF53 /* SearchBar.swift in Sources */,
				4E195C41258DCA0D0081BC26 /* Centerview.swift in Sources */,
				4EB8AF03258B31BA006B004A /* NewPost.swift in Sources */,
				4EB8AEEA258B285C006B004A /* PostModel.swift in Sources */,
			);
			runOnlyForDeploymentPostprocessing = 0;
		};
/* End PBXSourcesBuildPhase section */

/* Begin XCBuildConfiguration section */
		4E5404BA258A3CD600974862 /* Debug */ = {
			isa = XCBuildConfiguration;
			buildSettings = {
				ALWAYS_SEARCH_USER_PATHS = NO;
				CLANG_ANALYZER_NONNULL = YES;
				CLANG_ANALYZER_NUMBER_OBJECT_CONVERSION = YES_AGGRESSIVE;
				CLANG_CXX_LANGUAGE_STANDARD = "gnu++14";
				CLANG_CXX_LIBRARY = "libc++";
				CLANG_ENABLE_MODULES = YES;
				CLANG_ENABLE_OBJC_ARC = YES;
				CLANG_ENABLE_OBJC_WEAK = YES;
				CLANG_WARN_BLOCK_CAPTURE_AUTORELEASING = YES;
				CLANG_WARN_BOOL_CONVERSION = YES;
				CLANG_WARN_COMMA = YES;
				CLANG_WARN_CONSTANT_CONVERSION = YES;
				CLANG_WARN_DEPRECATED_OBJC_IMPLEMENTATIONS = YES;
				CLANG_WARN_DIRECT_OBJC_ISA_USAGE = YES_ERROR;
				CLANG_WARN_DOCUMENTATION_COMMENTS = YES;
				CLANG_WARN_EMPTY_BODY = YES;
				CLANG_WARN_ENUM_CONVERSION = YES;
				CLANG_WARN_INFINITE_RECURSION = YES;
				CLANG_WARN_INT_CONVERSION = YES;
				CLANG_WARN_NON_LITERAL_NULL_CONVERSION = YES;
				CLANG_WARN_OBJC_IMPLICIT_RETAIN_SELF = YES;
				CLANG_WARN_OBJC_LITERAL_CONVERSION = YES;
				CLANG_WARN_OBJC_ROOT_CLASS = YES_ERROR;
				CLANG_WARN_QUOTED_INCLUDE_IN_FRAMEWORK_HEADER = YES;
				CLANG_WARN_RANGE_LOOP_ANALYSIS = YES;
				CLANG_WARN_STRICT_PROTOTYPES = YES;
				CLANG_WARN_SUSPICIOUS_MOVE = YES;
				CLANG_WARN_UNGUARDED_AVAILABILITY = YES_AGGRESSIVE;
				CLANG_WARN_UNREACHABLE_CODE = YES;
				CLANG_WARN__DUPLICATE_METHOD_MATCH = YES;
				COPY_PHASE_STRIP = NO;
				DEBUG_INFORMATION_FORMAT = dwarf;
				ENABLE_STRICT_OBJC_MSGSEND = YES;
				ENABLE_TESTABILITY = YES;
				GCC_C_LANGUAGE_STANDARD = gnu11;
				GCC_DYNAMIC_NO_PIC = NO;
				GCC_NO_COMMON_BLOCKS = YES;
				GCC_OPTIMIZATION_LEVEL = 0;
				GCC_PREPROCESSOR_DEFINITIONS = (
					"DEBUG=1",
					"$(inherited)",
				);
				GCC_WARN_64_TO_32_BIT_CONVERSION = YES;
				GCC_WARN_ABOUT_RETURN_TYPE = YES_ERROR;
				GCC_WARN_UNDECLARED_SELECTOR = YES;
				GCC_WARN_UNINITIALIZED_AUTOS = YES_AGGRESSIVE;
				GCC_WARN_UNUSED_FUNCTION = YES;
				GCC_WARN_UNUSED_VARIABLE = YES;
				IPHONEOS_DEPLOYMENT_TARGET = 14.2;
				MTL_ENABLE_DEBUG_INFO = INCLUDE_SOURCE;
				MTL_FAST_MATH = YES;
				ONLY_ACTIVE_ARCH = YES;
				SDKROOT = iphoneos;
				SWIFT_ACTIVE_COMPILATION_CONDITIONS = DEBUG;
				SWIFT_OPTIMIZATION_LEVEL = "-Onone";
			};
			name = Debug;
		};
		4E5404BB258A3CD600974862 /* Release */ = {
			isa = XCBuildConfiguration;
			buildSettings = {
				ALWAYS_SEARCH_USER_PATHS = NO;
				CLANG_ANALYZER_NONNULL = YES;
				CLANG_ANALYZER_NUMBER_OBJECT_CONVERSION = YES_AGGRESSIVE;
				CLANG_CXX_LANGUAGE_STANDARD = "gnu++14";
				CLANG_CXX_LIBRARY = "libc++";
				CLANG_ENABLE_MODULES = YES;
				CLANG_ENABLE_OBJC_ARC = YES;
				CLANG_ENABLE_OBJC_WEAK = YES;
				CLANG_WARN_BLOCK_CAPTURE_AUTORELEASING = YES;
				CLANG_WARN_BOOL_CONVERSION = YES;
				CLANG_WARN_COMMA = YES;
				CLANG_WARN_CONSTANT_CONVERSION = YES;
				CLANG_WARN_DEPRECATED_OBJC_IMPLEMENTATIONS = YES;
				CLANG_WARN_DIRECT_OBJC_ISA_USAGE = YES_ERROR;
				CLANG_WARN_DOCUMENTATION_COMMENTS = YES;
				CLANG_WARN_EMPTY_BODY = YES;
				CLANG_WARN_ENUM_CONVERSION = YES;
				CLANG_WARN_INFINITE_RECURSION = YES;
				CLANG_WARN_INT_CONVERSION = YES;
				CLANG_WARN_NON_LITERAL_NULL_CONVERSION = YES;
				CLANG_WARN_OBJC_IMPLICIT_RETAIN_SELF = YES;
				CLANG_WARN_OBJC_LITERAL_CONVERSION = YES;
				CLANG_WARN_OBJC_ROOT_CLASS = YES_ERROR;
				CLANG_WARN_QUOTED_INCLUDE_IN_FRAMEWORK_HEADER = YES;
				CLANG_WARN_RANGE_LOOP_ANALYSIS = YES;
				CLANG_WARN_STRICT_PROTOTYPES = YES;
				CLANG_WARN_SUSPICIOUS_MOVE = YES;
				CLANG_WARN_UNGUARDED_AVAILABILITY = YES_AGGRESSIVE;
				CLANG_WARN_UNREACHABLE_CODE = YES;
				CLANG_WARN__DUPLICATE_METHOD_MATCH = YES;
				COPY_PHASE_STRIP = NO;
				DEBUG_INFORMATION_FORMAT = "dwarf-with-dsym";
				ENABLE_NS_ASSERTIONS = NO;
				ENABLE_STRICT_OBJC_MSGSEND = YES;
				GCC_C_LANGUAGE_STANDARD = gnu11;
				GCC_NO_COMMON_BLOCKS = YES;
				GCC_WARN_64_TO_32_BIT_CONVERSION = YES;
				GCC_WARN_ABOUT_RETURN_TYPE = YES_ERROR;
				GCC_WARN_UNDECLARED_SELECTOR = YES;
				GCC_WARN_UNINITIALIZED_AUTOS = YES_AGGRESSIVE;
				GCC_WARN_UNUSED_FUNCTION = YES;
				GCC_WARN_UNUSED_VARIABLE = YES;
				IPHONEOS_DEPLOYMENT_TARGET = 14.2;
				MTL_ENABLE_DEBUG_INFO = NO;
				MTL_FAST_MATH = YES;
				SDKROOT = iphoneos;
				SWIFT_COMPILATION_MODE = wholemodule;
				SWIFT_OPTIMIZATION_LEVEL = "-O";
				VALIDATE_PRODUCT = YES;
			};
			name = Release;
		};
		4E5404BD258A3CD600974862 /* Debug */ = {
			isa = XCBuildConfiguration;
			buildSettings = {
				ASSETCATALOG_COMPILER_APPICON_NAME = AppIcon;
				ASSETCATALOG_COMPILER_GLOBAL_ACCENT_COLOR_NAME = AccentColor;
				CODE_SIGN_STYLE = Automatic;
				DEVELOPMENT_ASSET_PATHS = "\"Chattos/Preview Content\"";
				DEVELOPMENT_TEAM = 5RTZJMVRS2;
				ENABLE_PREVIEWS = YES;
				INFOPLIST_FILE = Chattos/Info.plist;
				IPHONEOS_DEPLOYMENT_TARGET = 14.0;
				LD_RUNPATH_SEARCH_PATHS = (
					"$(inherited)",
					"@executable_path/Frameworks",
				);
				PRODUCT_BUNDLE_IDENTIFIER = com.hosam.net.Chattos;
				PRODUCT_NAME = "$(TARGET_NAME)";
				SWIFT_VERSION = 5.0;
				TARGETED_DEVICE_FAMILY = "1,2";
			};
			name = Debug;
		};
		4E5404BE258A3CD600974862 /* Release */ = {
			isa = XCBuildConfiguration;
			buildSettings = {
				ASSETCATALOG_COMPILER_APPICON_NAME = AppIcon;
				ASSETCATALOG_COMPILER_GLOBAL_ACCENT_COLOR_NAME = AccentColor;
				CODE_SIGN_STYLE = Automatic;
				DEVELOPMENT_ASSET_PATHS = "\"Chattos/Preview Content\"";
				DEVELOPMENT_TEAM = 5RTZJMVRS2;
				ENABLE_PREVIEWS = YES;
				INFOPLIST_FILE = Chattos/Info.plist;
				IPHONEOS_DEPLOYMENT_TARGET = 14.0;
				LD_RUNPATH_SEARCH_PATHS = (
					"$(inherited)",
					"@executable_path/Frameworks",
				);
				PRODUCT_BUNDLE_IDENTIFIER = com.hosam.net.Chattos;
				PRODUCT_NAME = "$(TARGET_NAME)";
				SWIFT_VERSION = 5.0;
				TARGETED_DEVICE_FAMILY = "1,2";
			};
			name = Release;
		};
/* End XCBuildConfiguration section */

/* Begin XCConfigurationList section */
		4E5404A8258A3CD500974862 /* Build configuration list for PBXProject "Chattos" */ = {
			isa = XCConfigurationList;
			buildConfigurations = (
				4E5404BA258A3CD600974862 /* Debug */,
				4E5404BB258A3CD600974862 /* Release */,
			);
			defaultConfigurationIsVisible = 0;
			defaultConfigurationName = Release;
		};
		4E5404BC258A3CD600974862 /* Build configuration list for PBXNativeTarget "Chattos" */ = {
			isa = XCConfigurationList;
			buildConfigurations = (
				4E5404BD258A3CD600974862 /* Debug */,
				4E5404BE258A3CD600974862 /* Release */,
			);
			defaultConfigurationIsVisible = 0;
			defaultConfigurationName = Release;
		};
/* End XCConfigurationList section */
	};
	rootObject = 4E5404A5258A3CD500974862 /* Project object */;
}
